<?xml version="1.0" encoding="utf-8"?>
<Project ToolsVersion="4.0" xmlns="http://schemas.microsoft.com/developer/msbuild/2003">
  <ItemGroup>
    <Filter Include="소스 파일">
      <UniqueIdentifier>{4FC737F1-C7A5-4376-A066-2A32D752A2FF}</UniqueIdentifier>
      <Extensions>cpp;c;cc;cxx;c++;cppm;ixx;def;odl;idl;hpj;bat;asm;asmx</Extensions>
    </Filter>
    <Filter Include="헤더 파일">
      <UniqueIdentifier>{93995380-89BD-4b04-88EB-625FBE52EBFB}</UniqueIdentifier>
      <Extensions>h;hh;hpp;hxx;h++;hm;inl;inc;ipp;xsd</Extensions>
    </Filter>
    <Filter Include="리소스 파일">
      <UniqueIdentifier>{67DA6AB6-F800-4c08-8B7A-83BB121AAD01}</UniqueIdentifier>
      <Extensions>rc;ico;cur;bmp;dlg;rc2;rct;bin;rgs;gif;jpg;jpeg;jpe;resx;tiff;tif;png;wav;mfcribbon-ms</Extensions>
    </Filter>
    <Filter Include="소스 파일\Reader/Writer">
      <UniqueIdentifier>{ab9aa94a-67a8-4f29-beec-872ab37e865f}</UniqueIdentifier>
    </Filter>
    <Filter Include="헤더 파일\Reader/Writer">
      <UniqueIdentifier>{bc1a4f29-e873-4965-a747-ac1749bb3561}</UniqueIdentifier>
    </Filter>
    <Filter Include="헤더 파일\Timer">
      <UniqueIdentifier>{a899918d-da49-4bad-a5c9-c5944fb30919}</UniqueIdentifier>
    </Filter>
    <Filter Include="헤더 파일\VHACD">
      <UniqueIdentifier>{71b699e3-dfaa-4873-b10e-165d790b9448}</UniqueIdentifier>
    </Filter>
    <Filter Include="소스 파일\VHACD">
      <UniqueIdentifier>{dac0d2ee-d735-43e2-9dc6-4a8fc2ae83c3}</UniqueIdentifier>
    </Filter>
    <Filter Include="헤더 파일\VHACD\Impl">
      <UniqueIdentifier>{7d57e71f-31b4-4808-8862-6080aca55314}</UniqueIdentifier>
    </Filter>
    <Filter Include="헤더 파일\VHACD\under">
      <UniqueIdentifier>{cd9d5ec9-dbb4-4441-a022-9a5c857a5e5e}</UniqueIdentifier>
    </Filter>
    <Filter Include="헤더 파일\VHACD\enum">
      <UniqueIdentifier>{6bf2410b-1044-4345-ab70-92225dca0afb}</UniqueIdentifier>
    </Filter>
    <Filter Include="헤더 파일\VHACD\under\AABB">
      <UniqueIdentifier>{51047cdb-20aa-4d93-8446-ad7d951c189e}</UniqueIdentifier>
    </Filter>
    <Filter Include="헤더 파일\VHACD\under\Voxel">
      <UniqueIdentifier>{cb11a9e6-c72f-4aa6-b83a-4673ab2dd760}</UniqueIdentifier>
    </Filter>
  </ItemGroup>
  <ItemGroup>
    <ClInclude Include="wavefront.h">
      <Filter>헤더 파일\Reader/Writer</Filter>
    </ClInclude>
    <ClInclude Include="InParser.h">
      <Filter>헤더 파일\Reader/Writer</Filter>
    </ClInclude>
    <ClInclude Include="ScopedTime.h">
      <Filter>헤더 파일\Timer</Filter>
    </ClInclude>
    <ClInclude Include="VHACD.h">
      <Filter>헤더 파일\VHACD</Filter>
    </ClInclude>
    <ClInclude Include="FloatMath.h">
      <Filter>헤더 파일\Reader/Writer</Filter>
    </ClInclude>
    <ClInclude Include="Vertex.h">
      <Filter>헤더 파일\VHACD</Filter>
    </ClInclude>
    <ClInclude Include="BoundsAABB.h">
      <Filter>헤더 파일\VHACD</Filter>
    </ClInclude>
    <ClInclude Include="IVHACD.h">
      <Filter>헤더 파일\VHACD</Filter>
    </ClInclude>
    <ClInclude Include="Triangle.h">
      <Filter>헤더 파일\VHACD</Filter>
    </ClInclude>
    <ClInclude Include="Vector3.h">
      <Filter>헤더 파일\VHACD</Filter>
    </ClInclude>
    <ClInclude Include="Timer.h">
      <Filter>헤더 파일\VHACD</Filter>
    </ClInclude>
    <ClInclude Include="VScopedTime.h">
      <Filter>헤더 파일\VHACD</Filter>
    </ClInclude>
    <ClInclude Include="NodeBundle.h">
      <Filter>헤더 파일\VHACD</Filter>
    </ClInclude>
    <ClInclude Include="Googol.h">
      <Filter>헤더 파일\VHACD</Filter>
    </ClInclude>
    <ClInclude Include="HullPlane.h">
      <Filter>헤더 파일\VHACD</Filter>
    </ClInclude>
    <ClInclude Include="ConvexHullFace.h">
      <Filter>헤더 파일\VHACD\under</Filter>
    </ClInclude>
    <ClInclude Include="ConvexHullVertex.h">
      <Filter>헤더 파일\VHACD\under</Filter>
    </ClInclude>
    <ClInclude Include="ConvexHullAABBTreeNode.h">
      <Filter>헤더 파일\VHACD\under</Filter>
    </ClInclude>
    <ClInclude Include="ConvexHull.h">
      <Filter>헤더 파일\VHACD\under</Filter>
    </ClInclude>
    <ClInclude Include="ConvexHull_nbNormalMap.h">
      <Filter>헤더 파일\VHACD\under</Filter>
    </ClInclude>
    <ClInclude Include="FillMode.h">
      <Filter>헤더 파일\VHACD\enum</Filter>
    </ClInclude>
    <ClInclude Include="KdTreeNode.h">
      <Filter>헤더 파일\VHACD</Filter>
    </ClInclude>
    <ClInclude Include="KdTreeFindNode.h">
      <Filter>헤더 파일\VHACD</Filter>
    </ClInclude>
    <ClInclude Include="KdTree.h">
      <Filter>헤더 파일\VHACD</Filter>
    </ClInclude>
    <ClInclude Include="Axes.h">
      <Filter>헤더 파일\VHACD\enum</Filter>
    </ClInclude>
    <ClInclude Include="VertexIndex.h">
      <Filter>헤더 파일\VHACD\under</Filter>
    </ClInclude>
    <ClInclude Include="Voxel.h">
      <Filter>헤더 파일\VHACD\under</Filter>
    </ClInclude>
    <ClInclude Include="SimpleMesh.h">
      <Filter>헤더 파일\VHACD</Filter>
    </ClInclude>
    <ClInclude Include="AABBTree.h">
      <Filter>헤더 파일\VHACD\under\AABB</Filter>
    </ClInclude>
    <ClInclude Include="VoxelValue.h">
      <Filter>헤더 파일\VHACD\enum</Filter>
    </ClInclude>
    <ClInclude Include="Volume.h">
      <Filter>헤더 파일\VHACD\under\Voxel</Filter>
    </ClInclude>
    <ClInclude Include="QuickHull.h">
      <Filter>헤더 파일\VHACD\under</Filter>
    </ClInclude>
  </ItemGroup>
  <ItemGroup>
    <ClCompile Include="TestVHACD.cpp">
      <Filter>소스 파일</Filter>
    </ClCompile>
    <ClCompile Include="wavefront.cpp">
      <Filter>소스 파일\Reader/Writer</Filter>
    </ClCompile>
    <ClCompile Include="InParser.cpp">
      <Filter>소스 파일\Reader/Writer</Filter>
    </ClCompile>
    <ClCompile Include="FloatMath.cpp">
      <Filter>소스 파일\Reader/Writer</Filter>
    </ClCompile>
  </ItemGroup>
  <ItemGroup>
    <None Include="FloatMath.inl">
      <Filter>소스 파일\Reader/Writer</Filter>
    </None>
    <None Include="Vector3.inl">
      <Filter>헤더 파일\VHACD\Impl</Filter>
    </None>
    <None Include="BoundsAABB.inl">
      <Filter>헤더 파일\VHACD\Impl</Filter>
    </None>
    <None Include="NodeBundle.inl">
      <Filter>헤더 파일\VHACD\Impl</Filter>
    </None>
    <None Include="ConvexHull.inl">
      <Filter>헤더 파일\VHACD\Impl</Filter>
    </None>
    <None Include="kdTree.inl">
      <Filter>헤더 파일\VHACD\Impl</Filter>
    </None>
    <None Include="KdTreeNode.inl">
      <Filter>헤더 파일\VHACD\Impl</Filter>
    </None>
    <None Include="VertexIndex.inl">
      <Filter>헤더 파일\VHACD\Impl</Filter>
    </None>
    <None Include="Voxel.inl">
      <Filter>헤더 파일\VHACD\Impl</Filter>
    </None>
    <None Include="AABBTree.inl">
      <Filter>헤더 파일\VHACD\Impl</Filter>
    </None>
    <None Include="Volume.inl">
      <Filter>헤더 파일\VHACD\Impl</Filter>
    </None>
  </ItemGroup>
</Project>